
Microsoft Visual Studio Solution File, Format Version 12.00
# Visual Studio 14
VisualStudioVersion = 14.0.23107.0
MinimumVisualStudioVersion = 10.0.40219.1
Project("{2150E333-8FDC-42A3-9474-1A3956D46DE8}") = "Solution Items", "Solution Items", "{F5086435-8DDD-4DCB-B720-26B868FB6BCD}"
	ProjectSection(SolutionItems) = preProject
		AIT.VisualStudio.TestTools.CodedUI.targets = AIT.VisualStudio.TestTools.CodedUI.targets
		AIT.VisualStudio.TestTools.MEF.targets = AIT.VisualStudio.TestTools.MEF.targets
		AIT.VisualStudio.TestTools.sln.DotSettings = AIT.VisualStudio.TestTools.sln.DotSettings
		AIT.VisualStudio.TestTools.targets = AIT.VisualStudio.TestTools.targets
		Local.testsettings = Local.testsettings
		nuget.config = nuget.config
		Remote.Agent.testsettings = Remote.Agent.testsettings
		Remote.VSO.testsettings = Remote.VSO.testsettings
		Remote.W8Test.testsettings = Remote.W8Test.testsettings
	EndProjectSection
EndProject
Project("{2150E333-8FDC-42A3-9474-1A3956D46DE8}") = ".Settings", ".Settings", "{97FCBC4F-6FDE-445F-8A05-F7C8256F8C7C}"
	ProjectSection(SolutionItems) = preProject
		AIT.CodeAnalysisDictionary.xml = AIT.CodeAnalysisDictionary.xml
		AIT.ruleset = AIT.ruleset
		AIT.VisualStudio.TestTools.sln.DotSettings = AIT.VisualStudio.TestTools.sln.DotSettings
		Dummy.snk = Dummy.snk
		Settings.StyleCop = Settings.StyleCop
	EndProjectSection
EndProject
Project("{FAE04EC0-301F-11D3-BF4B-00C04F79EFBC}") = "AIT.VisualStudio.TestTools", "AIT.VisualStudio.TestTools\AIT.VisualStudio.TestTools.csproj", "{2C225CA0-F533-4DB9-BE2D-2CB71CB55A74}"
EndProject
Project("{FAE04EC0-301F-11D3-BF4B-00C04F79EFBC}") = "AIT.VisualStudio.TestTools.Samples", "AIT.VisualSTudio.TestTools.Samples\AIT.VisualStudio.TestTools.Samples.csproj", "{500A95FC-96B7-4EF7-B7B0-12411080A2B3}"
EndProject
Project("{FAE04EC0-301F-11D3-BF4B-00C04F79EFBC}") = "AIT.VisualStudio.TestTools.CodedUI", "AIT.VisualStudio.TestTools.CodedUI\AIT.VisualStudio.TestTools.CodedUI.csproj", "{714D3E6F-52FB-45B0-BF75-E1B022A59D13}"
EndProject
Project("{FAE04EC0-301F-11D3-BF4B-00C04F79EFBC}") = "AIT.VisualStudio.TestTools.MEF", "AIT.VisualStudio.TestTools.MEF\AIT.VisualStudio.TestTools.MEF.csproj", "{7FB51465-FEB5-48E0-8E8B-9F7826E24999}"
EndProject
Project("{2150E333-8FDC-42A3-9474-1A3956D46DE8}") = "build", "build", "{73DDB452-A4D1-41CC-82D8-2259E23E52AD}"
	ProjectSection(SolutionItems) = preProject
		..\nuget\AIT.VisualStudio.TestTools.CodedUI.nuspec = ..\nuget\AIT.VisualStudio.TestTools.CodedUI.nuspec
		..\nuget\AIT.VisualStudio.TestTools.MEF.nuspec = ..\nuget\AIT.VisualStudio.TestTools.MEF.nuspec
		..\nuget\AIT.VisualStudio.TestTools.nuspec = ..\nuget\AIT.VisualStudio.TestTools.nuspec
		..\buildConfig.fsx = ..\buildConfig.fsx
		..\doc\ReleaseNotes.md = ..\doc\ReleaseNotes.md
	EndProjectSection
EndProject
Global
	GlobalSection(SolutionConfigurationPlatforms) = preSolution
		Debug|Net45 = Debug|Net45
		Release|Net45 = Release|Net45
	EndGlobalSection
	GlobalSection(ProjectConfigurationPlatforms) = postSolution
		{2C225CA0-F533-4DB9-BE2D-2CB71CB55A74}.Debug|Net45.ActiveCfg = Debug|Net45
		{2C225CA0-F533-4DB9-BE2D-2CB71CB55A74}.Debug|Net45.Build.0 = Debug|Net45
		{2C225CA0-F533-4DB9-BE2D-2CB71CB55A74}.Release|Net45.ActiveCfg = Release|Net45
		{2C225CA0-F533-4DB9-BE2D-2CB71CB55A74}.Release|Net45.Build.0 = Release|Net45
		{500A95FC-96B7-4EF7-B7B0-12411080A2B3}.Debug|Net45.ActiveCfg = Debug|Net45
		{500A95FC-96B7-4EF7-B7B0-12411080A2B3}.Debug|Net45.Build.0 = Debug|Net45
		{500A95FC-96B7-4EF7-B7B0-12411080A2B3}.Release|Net45.ActiveCfg = Release|Net45
		{500A95FC-96B7-4EF7-B7B0-12411080A2B3}.Release|Net45.Build.0 = Release|Net45
		{714D3E6F-52FB-45B0-BF75-E1B022A59D13}.Debug|Net45.ActiveCfg = Debug|Net45
		{714D3E6F-52FB-45B0-BF75-E1B022A59D13}.Debug|Net45.Build.0 = Debug|Net45
		{714D3E6F-52FB-45B0-BF75-E1B022A59D13}.Release|Net45.ActiveCfg = Release|Net45
		{714D3E6F-52FB-45B0-BF75-E1B022A59D13}.Release|Net45.Build.0 = Release|Net45
		{7FB51465-FEB5-48E0-8E8B-9F7826E24999}.Debug|Net45.ActiveCfg = Debug|Net45
		{7FB51465-FEB5-48E0-8E8B-9F7826E24999}.Debug|Net45.Build.0 = Debug|Net45
		{7FB51465-FEB5-48E0-8E8B-9F7826E24999}.Release|Net45.ActiveCfg = Release|Net45
		{7FB51465-FEB5-48E0-8E8B-9F7826E24999}.Release|Net45.Build.0 = Release|Net45
	EndGlobalSection
	GlobalSection(SolutionProperties) = preSolution
		HideSolutionNode = FALSE
	EndGlobalSection
EndGlobal
